
Microsoft Visual Studio Solution File, Format Version 12.00
# Visual Studio Version 16
VisualStudioVersion = 16.0.30204.135
MinimumVisualStudioVersion = 10.0.40219.1
Project("{8BC9CEB8-8B4A-11D0-8D11-00A0C91BC942}") = "HelloWorld", "Udacity\Udacity.vcxproj", "{F9586B12-D5A3-450D-9CD7-65E06BE32A07}"
EndProject
Project("{8BC9CEB8-8B4A-11D0-8D11-00A0C91BC942}") = "Enum", "Enum\Enum.vcxproj", "{8CCB2E94-46BD-4F80-96BB-F1E9CC57A6BC}"
EndProject
Project("{8BC9CEB8-8B4A-11D0-8D11-00A0C91BC942}") = "FormatOutput", "FormatOutput\FormatOutput.vcxproj", "{36A4F135-7E6C-4AD4-8667-6753B70E9E07}"
EndProject
Project("{8BC9CEB8-8B4A-11D0-8D11-00A0C91BC942}") = "Quiz", "Quiz\Quiz.vcxproj", "{9AFE5071-5566-4576-99C4-EB6E592D2A35}"
EndProject
Project("{8BC9CEB8-8B4A-11D0-8D11-00A0C91BC942}") = "Hearders", "Hearders\Hearders.vcxproj", "{664C5B0E-2C77-4BE9-A618-8CF414D174EC}"
EndProject
Project("{8BC9CEB8-8B4A-11D0-8D11-00A0C91BC942}") = "Input", "Input\Input.vcxproj", "{483D9A77-1A3B-4F6F-B57B-E5DF861D31CA}"
EndProject
Project("{8BC9CEB8-8B4A-11D0-8D11-00A0C91BC942}") = "CinAndStrings", "CinAndStrings\CinAndStrings.vcxproj", "{95E8709E-9C8F-4402-B84E-724BB101609D}"
EndProject
Project("{8BC9CEB8-8B4A-11D0-8D11-00A0C91BC942}") = "StringsStream", "StringsStream\StringsStream.vcxproj", "{FEC8AB6F-9781-4161-9779-DF8BFC934CA9}"
EndProject
Project("{8BC9CEB8-8B4A-11D0-8D11-00A0C91BC942}") = "RelationalOperators", "RelationalOperators\RelationalOperators.vcxproj", "{91BBCE8A-9F26-4807-8355-5F11C7397705}"
EndProject
Project("{8BC9CEB8-8B4A-11D0-8D11-00A0C91BC942}") = "IfStatement", "IfStatement\IfStatement.vcxproj", "{F69D928F-9F52-4F26-84D9-C9E95728EE93}"
EndProject
Project("{8BC9CEB8-8B4A-11D0-8D11-00A0C91BC942}") = "IfElseStatements", "IfElseStatements\IfElseStatements.vcxproj", "{B3CB9C7F-20A9-475E-85E3-9571360B80EF}"
EndProject
Project("{8BC9CEB8-8B4A-11D0-8D11-00A0C91BC942}") = "IfElseQuizz", "IfElseQuizz\IfElseQuizz.vcxproj", "{1ED96E2B-730D-46F6-9582-EECF2F8FF16F}"
EndProject
Project("{8BC9CEB8-8B4A-11D0-8D11-00A0C91BC942}") = "QuizCase", "QuizCase\QuizCase.vcxproj", "{7C95F4E1-568F-46A1-9B36-C49E98A2F608}"
EndProject
Project("{8BC9CEB8-8B4A-11D0-8D11-00A0C91BC942}") = "ForLoop", "ForLoop\ForLoop.vcxproj", "{C69B81F4-FFA5-44C9-A126-CFDD0539A631}"
EndProject
Project("{8BC9CEB8-8B4A-11D0-8D11-00A0C91BC942}") = "ForQuizz", "ForQuizz\ForQuizz.vcxproj", "{82400841-BFBB-4B45-9900-CC476791E673}"
EndProject
Project("{8BC9CEB8-8B4A-11D0-8D11-00A0C91BC942}") = "WhileLoop", "WhileLoop\WhileLoop.vcxproj", "{2E3E7491-308D-428E-9E42-CE579AF1A4DF}"
EndProject
Project("{8BC9CEB8-8B4A-11D0-8D11-00A0C91BC942}") = "DoWhileLoop", "DoWhileLoop\DoWhileLoop.vcxproj", "{58554859-C628-4DB8-8F63-73EF2FCDD241}"
EndProject
Project("{8BC9CEB8-8B4A-11D0-8D11-00A0C91BC942}") = "WhileLoopQuizz", "WhileLoopQuizz\WhileLoopQuizz.vcxproj", "{6B53239C-DAAB-4B0E-BFAC-862B1B268A27}"
EndProject
Project("{8BC9CEB8-8B4A-11D0-8D11-00A0C91BC942}") = "Pointers", "Pointers\Pointers.vcxproj", "{BF9969BB-A90F-4F0E-A245-AED8DB596F65}"
EndProject
Project("{8BC9CEB8-8B4A-11D0-8D11-00A0C91BC942}") = "PointerQuizz", "PointerQuizz\PointerQuizz.vcxproj", "{E938F7ED-4691-4EDA-AAC3-877848A45E10}"
EndProject
Project("{8BC9CEB8-8B4A-11D0-8D11-00A0C91BC942}") = "FindMinAndMax", "FindMinAndMax\FindMinAndMax.vcxproj", "{FAB9FB4D-2D4E-4BEB-B297-C25BE69C0372}"
EndProject
Project("{8BC9CEB8-8B4A-11D0-8D11-00A0C91BC942}") = "ArrayPractice", "ArrayPractice\ArrayPractice.vcxproj", "{BC4BFB12-838B-488A-A5E1-A7CACBF06B97}"
EndProject
Project("{8BC9CEB8-8B4A-11D0-8D11-00A0C91BC942}") = "ArraySearch", "ArraySearch\ArraySearch.vcxproj", "{4D0D36EE-422A-46B3-A3DF-86423694E39A}"
EndProject
Project("{8BC9CEB8-8B4A-11D0-8D11-00A0C91BC942}") = "MultiArray", "MultiArray\MultiArray.vcxproj", "{181A9B91-A6D7-444D-AC93-D1ADC7BB53E0}"
EndProject
Project("{8BC9CEB8-8B4A-11D0-8D11-00A0C91BC942}") = "MultiArrayProgram", "MultiArrayProgram\MultiArrayProgram.vcxproj", "{A525143B-8722-46CB-9CFF-5E6F5FA7DEBA}"
EndProject
Project("{8BC9CEB8-8B4A-11D0-8D11-00A0C91BC942}") = "FuncNoParm", "FuncNoParm\FuncNoParm.vcxproj", "{4CDC61F9-626F-4192-ABA0-CC7B6FBEE070}"
EndProject
Project("{8BC9CEB8-8B4A-11D0-8D11-00A0C91BC942}") = "FuncQuiz1", "FuncQuiz1\FuncQuiz1.vcxproj", "{F2D9F7E6-2C67-4F3D-ACCB-85030891658C}"
EndProject
Project("{8BC9CEB8-8B4A-11D0-8D11-00A0C91BC942}") = "FuncWithParm", "FuncWithParm\FuncWithParm.vcxproj", "{7A071925-D59E-4A15-913E-8A5287CF67E8}"
EndProject
Project("{8BC9CEB8-8B4A-11D0-8D11-00A0C91BC942}") = "FuncWithRet", "FuncWithRet\FuncWithRet.vcxproj", "{D2A0FFD6-1E9D-4B01-9F8B-81396085F5D0}"
EndProject
Project("{8BC9CEB8-8B4A-11D0-8D11-00A0C91BC942}") = "FuncWithRetQuiz", "FuncWithRetQuiz\FuncWithRetQuiz.vcxproj", "{8C713B21-6969-4B8D-B369-03FAF38B8F8B}"
EndProject
Project("{8BC9CEB8-8B4A-11D0-8D11-00A0C91BC942}") = "FuncByRef", "FuncByRef\FuncByRef.vcxproj", "{4E32F676-8BD0-4FC5-84E5-426B8F578D88}"
EndProject
Project("{8BC9CEB8-8B4A-11D0-8D11-00A0C91BC942}") = "FuncByRefQuiz", "FuncByRefQuiz\FuncByRefQuiz.vcxproj", "{76070973-A6C7-47AC-9CE1-15F9C8F03A7E}"
EndProject
Global
	GlobalSection(SolutionConfigurationPlatforms) = preSolution
		Debug|x64 = Debug|x64
		Debug|x86 = Debug|x86
		Release|x64 = Release|x64
		Release|x86 = Release|x86
	EndGlobalSection
	GlobalSection(ProjectConfigurationPlatforms) = postSolution
		{F9586B12-D5A3-450D-9CD7-65E06BE32A07}.Debug|x64.ActiveCfg = Debug|x64
		{F9586B12-D5A3-450D-9CD7-65E06BE32A07}.Debug|x64.Build.0 = Debug|x64
		{F9586B12-D5A3-450D-9CD7-65E06BE32A07}.Debug|x86.ActiveCfg = Debug|Win32
		{F9586B12-D5A3-450D-9CD7-65E06BE32A07}.Debug|x86.Build.0 = Debug|Win32
		{F9586B12-D5A3-450D-9CD7-65E06BE32A07}.Release|x64.ActiveCfg = Release|x64
		{F9586B12-D5A3-450D-9CD7-65E06BE32A07}.Release|x64.Build.0 = Release|x64
		{F9586B12-D5A3-450D-9CD7-65E06BE32A07}.Release|x86.ActiveCfg = Release|Win32
		{F9586B12-D5A3-450D-9CD7-65E06BE32A07}.Release|x86.Build.0 = Release|Win32
		{8CCB2E94-46BD-4F80-96BB-F1E9CC57A6BC}.Debug|x64.ActiveCfg = Debug|x64
		{8CCB2E94-46BD-4F80-96BB-F1E9CC57A6BC}.Debug|x64.Build.0 = Debug|x64
		{8CCB2E94-46BD-4F80-96BB-F1E9CC57A6BC}.Debug|x86.ActiveCfg = Debug|Win32
		{8CCB2E94-46BD-4F80-96BB-F1E9CC57A6BC}.Debug|x86.Build.0 = Debug|Win32
		{8CCB2E94-46BD-4F80-96BB-F1E9CC57A6BC}.Release|x64.ActiveCfg = Release|x64
		{8CCB2E94-46BD-4F80-96BB-F1E9CC57A6BC}.Release|x64.Build.0 = Release|x64
		{8CCB2E94-46BD-4F80-96BB-F1E9CC57A6BC}.Release|x86.ActiveCfg = Release|Win32
		{8CCB2E94-46BD-4F80-96BB-F1E9CC57A6BC}.Release|x86.Build.0 = Release|Win32
		{36A4F135-7E6C-4AD4-8667-6753B70E9E07}.Debug|x64.ActiveCfg = Debug|x64
		{36A4F135-7E6C-4AD4-8667-6753B70E9E07}.Debug|x64.Build.0 = Debug|x64
		{36A4F135-7E6C-4AD4-8667-6753B70E9E07}.Debug|x86.ActiveCfg = Debug|Win32
		{36A4F135-7E6C-4AD4-8667-6753B70E9E07}.Debug|x86.Build.0 = Debug|Win32
		{36A4F135-7E6C-4AD4-8667-6753B70E9E07}.Release|x64.ActiveCfg = Release|x64
		{36A4F135-7E6C-4AD4-8667-6753B70E9E07}.Release|x64.Build.0 = Release|x64
		{36A4F135-7E6C-4AD4-8667-6753B70E9E07}.Release|x86.ActiveCfg = Release|Win32
		{36A4F135-7E6C-4AD4-8667-6753B70E9E07}.Release|x86.Build.0 = Release|Win32
		{9AFE5071-5566-4576-99C4-EB6E592D2A35}.Debug|x64.ActiveCfg = Debug|x64
		{9AFE5071-5566-4576-99C4-EB6E592D2A35}.Debug|x64.Build.0 = Debug|x64
		{9AFE5071-5566-4576-99C4-EB6E592D2A35}.Debug|x86.ActiveCfg = Debug|Win32
		{9AFE5071-5566-4576-99C4-EB6E592D2A35}.Debug|x86.Build.0 = Debug|Win32
		{9AFE5071-5566-4576-99C4-EB6E592D2A35}.Release|x64.ActiveCfg = Release|x64
		{9AFE5071-5566-4576-99C4-EB6E592D2A35}.Release|x64.Build.0 = Release|x64
		{9AFE5071-5566-4576-99C4-EB6E592D2A35}.Release|x86.ActiveCfg = Release|Win32
		{9AFE5071-5566-4576-99C4-EB6E592D2A35}.Release|x86.Build.0 = Release|Win32
		{664C5B0E-2C77-4BE9-A618-8CF414D174EC}.Debug|x64.ActiveCfg = Debug|x64
		{664C5B0E-2C77-4BE9-A618-8CF414D174EC}.Debug|x64.Build.0 = Debug|x64
		{664C5B0E-2C77-4BE9-A618-8CF414D174EC}.Debug|x86.ActiveCfg = Debug|Win32
		{664C5B0E-2C77-4BE9-A618-8CF414D174EC}.Debug|x86.Build.0 = Debug|Win32
		{664C5B0E-2C77-4BE9-A618-8CF414D174EC}.Release|x64.ActiveCfg = Release|x64
		{664C5B0E-2C77-4BE9-A618-8CF414D174EC}.Release|x64.Build.0 = Release|x64
		{664C5B0E-2C77-4BE9-A618-8CF414D174EC}.Release|x86.ActiveCfg = Release|Win32
		{664C5B0E-2C77-4BE9-A618-8CF414D174EC}.Release|x86.Build.0 = Release|Win32
		{483D9A77-1A3B-4F6F-B57B-E5DF861D31CA}.Debug|x64.ActiveCfg = Debug|x64
		{483D9A77-1A3B-4F6F-B57B-E5DF861D31CA}.Debug|x64.Build.0 = Debug|x64
		{483D9A77-1A3B-4F6F-B57B-E5DF861D31CA}.Debug|x86.ActiveCfg = Debug|Win32
		{483D9A77-1A3B-4F6F-B57B-E5DF861D31CA}.Debug|x86.Build.0 = Debug|Win32
		{483D9A77-1A3B-4F6F-B57B-E5DF861D31CA}.Release|x64.ActiveCfg = Release|x64
		{483D9A77-1A3B-4F6F-B57B-E5DF861D31CA}.Release|x64.Build.0 = Release|x64
		{483D9A77-1A3B-4F6F-B57B-E5DF861D31CA}.Release|x86.ActiveCfg = Release|Win32
		{483D9A77-1A3B-4F6F-B57B-E5DF861D31CA}.Release|x86.Build.0 = Release|Win32
		{95E8709E-9C8F-4402-B84E-724BB101609D}.Debug|x64.ActiveCfg = Debug|x64
		{95E8709E-9C8F-4402-B84E-724BB101609D}.Debug|x64.Build.0 = Debug|x64
		{95E8709E-9C8F-4402-B84E-724BB101609D}.Debug|x86.ActiveCfg = Debug|Win32
		{95E8709E-9C8F-4402-B84E-724BB101609D}.Debug|x86.Build.0 = Debug|Win32
		{95E8709E-9C8F-4402-B84E-724BB101609D}.Release|x64.ActiveCfg = Release|x64
		{95E8709E-9C8F-4402-B84E-724BB101609D}.Release|x64.Build.0 = Release|x64
		{95E8709E-9C8F-4402-B84E-724BB101609D}.Release|x86.ActiveCfg = Release|Win32
		{95E8709E-9C8F-4402-B84E-724BB101609D}.Release|x86.Build.0 = Release|Win32
		{FEC8AB6F-9781-4161-9779-DF8BFC934CA9}.Debug|x64.ActiveCfg = Debug|x64
		{FEC8AB6F-9781-4161-9779-DF8BFC934CA9}.Debug|x64.Build.0 = Debug|x64
		{FEC8AB6F-9781-4161-9779-DF8BFC934CA9}.Debug|x86.ActiveCfg = Debug|Win32
		{FEC8AB6F-9781-4161-9779-DF8BFC934CA9}.Debug|x86.Build.0 = Debug|Win32
		{FEC8AB6F-9781-4161-9779-DF8BFC934CA9}.Release|x64.ActiveCfg = Release|x64
		{FEC8AB6F-9781-4161-9779-DF8BFC934CA9}.Release|x64.Build.0 = Release|x64
		{FEC8AB6F-9781-4161-9779-DF8BFC934CA9}.Release|x86.ActiveCfg = Release|Win32
		{FEC8AB6F-9781-4161-9779-DF8BFC934CA9}.Release|x86.Build.0 = Release|Win32
		{91BBCE8A-9F26-4807-8355-5F11C7397705}.Debug|x64.ActiveCfg = Debug|x64
		{91BBCE8A-9F26-4807-8355-5F11C7397705}.Debug|x64.Build.0 = Debug|x64
		{91BBCE8A-9F26-4807-8355-5F11C7397705}.Debug|x86.ActiveCfg = Debug|Win32
		{91BBCE8A-9F26-4807-8355-5F11C7397705}.Debug|x86.Build.0 = Debug|Win32
		{91BBCE8A-9F26-4807-8355-5F11C7397705}.Release|x64.ActiveCfg = Release|x64
		{91BBCE8A-9F26-4807-8355-5F11C7397705}.Release|x64.Build.0 = Release|x64
		{91BBCE8A-9F26-4807-8355-5F11C7397705}.Release|x86.ActiveCfg = Release|Win32
		{91BBCE8A-9F26-4807-8355-5F11C7397705}.Release|x86.Build.0 = Release|Win32
		{F69D928F-9F52-4F26-84D9-C9E95728EE93}.Debug|x64.ActiveCfg = Debug|x64
		{F69D928F-9F52-4F26-84D9-C9E95728EE93}.Debug|x64.Build.0 = Debug|x64
		{F69D928F-9F52-4F26-84D9-C9E95728EE93}.Debug|x86.ActiveCfg = Debug|Win32
		{F69D928F-9F52-4F26-84D9-C9E95728EE93}.Debug|x86.Build.0 = Debug|Win32
		{F69D928F-9F52-4F26-84D9-C9E95728EE93}.Release|x64.ActiveCfg = Release|x64
		{F69D928F-9F52-4F26-84D9-C9E95728EE93}.Release|x64.Build.0 = Release|x64
		{F69D928F-9F52-4F26-84D9-C9E95728EE93}.Release|x86.ActiveCfg = Release|Win32
		{F69D928F-9F52-4F26-84D9-C9E95728EE93}.Release|x86.Build.0 = Release|Win32
		{B3CB9C7F-20A9-475E-85E3-9571360B80EF}.Debug|x64.ActiveCfg = Debug|x64
		{B3CB9C7F-20A9-475E-85E3-9571360B80EF}.Debug|x64.Build.0 = Debug|x64
		{B3CB9C7F-20A9-475E-85E3-9571360B80EF}.Debug|x86.ActiveCfg = Debug|Win32
		{B3CB9C7F-20A9-475E-85E3-9571360B80EF}.Debug|x86.Build.0 = Debug|Win32
		{B3CB9C7F-20A9-475E-85E3-9571360B80EF}.Release|x64.ActiveCfg = Release|x64
		{B3CB9C7F-20A9-475E-85E3-9571360B80EF}.Release|x64.Build.0 = Release|x64
		{B3CB9C7F-20A9-475E-85E3-9571360B80EF}.Release|x86.ActiveCfg = Release|Win32
		{B3CB9C7F-20A9-475E-85E3-9571360B80EF}.Release|x86.Build.0 = Release|Win32
		{1ED96E2B-730D-46F6-9582-EECF2F8FF16F}.Debug|x64.ActiveCfg = Debug|x64
		{1ED96E2B-730D-46F6-9582-EECF2F8FF16F}.Debug|x64.Build.0 = Debug|x64
		{1ED96E2B-730D-46F6-9582-EECF2F8FF16F}.Debug|x86.ActiveCfg = Debug|Win32
		{1ED96E2B-730D-46F6-9582-EECF2F8FF16F}.Debug|x86.Build.0 = Debug|Win32
		{1ED96E2B-730D-46F6-9582-EECF2F8FF16F}.Release|x64.ActiveCfg = Release|x64
		{1ED96E2B-730D-46F6-9582-EECF2F8FF16F}.Release|x64.Build.0 = Release|x64
		{1ED96E2B-730D-46F6-9582-EECF2F8FF16F}.Release|x86.ActiveCfg = Release|Win32
		{1ED96E2B-730D-46F6-9582-EECF2F8FF16F}.Release|x86.Build.0 = Release|Win32
		{7C95F4E1-568F-46A1-9B36-C49E98A2F608}.Debug|x64.ActiveCfg = Debug|x64
		{7C95F4E1-568F-46A1-9B36-C49E98A2F608}.Debug|x64.Build.0 = Debug|x64
		{7C95F4E1-568F-46A1-9B36-C49E98A2F608}.Debug|x86.ActiveCfg = Debug|Win32
		{7C95F4E1-568F-46A1-9B36-C49E98A2F608}.Debug|x86.Build.0 = Debug|Win32
		{7C95F4E1-568F-46A1-9B36-C49E98A2F608}.Release|x64.ActiveCfg = Release|x64
		{7C95F4E1-568F-46A1-9B36-C49E98A2F608}.Release|x64.Build.0 = Release|x64
		{7C95F4E1-568F-46A1-9B36-C49E98A2F608}.Release|x86.ActiveCfg = Release|Win32
		{7C95F4E1-568F-46A1-9B36-C49E98A2F608}.Release|x86.Build.0 = Release|Win32
		{C69B81F4-FFA5-44C9-A126-CFDD0539A631}.Debug|x64.ActiveCfg = Debug|x64
		{C69B81F4-FFA5-44C9-A126-CFDD0539A631}.Debug|x64.Build.0 = Debug|x64
		{C69B81F4-FFA5-44C9-A126-CFDD0539A631}.Debug|x86.ActiveCfg = Debug|Win32
		{C69B81F4-FFA5-44C9-A126-CFDD0539A631}.Debug|x86.Build.0 = Debug|Win32
		{C69B81F4-FFA5-44C9-A126-CFDD0539A631}.Release|x64.ActiveCfg = Release|x64
		{C69B81F4-FFA5-44C9-A126-CFDD0539A631}.Release|x64.Build.0 = Release|x64
		{C69B81F4-FFA5-44C9-A126-CFDD0539A631}.Release|x86.ActiveCfg = Release|Win32
		{C69B81F4-FFA5-44C9-A126-CFDD0539A631}.Release|x86.Build.0 = Release|Win32
		{82400841-BFBB-4B45-9900-CC476791E673}.Debug|x64.ActiveCfg = Debug|x64
		{82400841-BFBB-4B45-9900-CC476791E673}.Debug|x64.Build.0 = Debug|x64
		{82400841-BFBB-4B45-9900-CC476791E673}.Debug|x86.ActiveCfg = Debug|Win32
		{82400841-BFBB-4B45-9900-CC476791E673}.Debug|x86.Build.0 = Debug|Win32
		{82400841-BFBB-4B45-9900-CC476791E673}.Release|x64.ActiveCfg = Release|x64
		{82400841-BFBB-4B45-9900-CC476791E673}.Release|x64.Build.0 = Release|x64
		{82400841-BFBB-4B45-9900-CC476791E673}.Release|x86.ActiveCfg = Release|Win32
		{82400841-BFBB-4B45-9900-CC476791E673}.Release|x86.Build.0 = Release|Win32
		{2E3E7491-308D-428E-9E42-CE579AF1A4DF}.Debug|x64.ActiveCfg = Debug|x64
		{2E3E7491-308D-428E-9E42-CE579AF1A4DF}.Debug|x64.Build.0 = Debug|x64
		{2E3E7491-308D-428E-9E42-CE579AF1A4DF}.Debug|x86.ActiveCfg = Debug|Win32
		{2E3E7491-308D-428E-9E42-CE579AF1A4DF}.Debug|x86.Build.0 = Debug|Win32
		{2E3E7491-308D-428E-9E42-CE579AF1A4DF}.Release|x64.ActiveCfg = Release|x64
		{2E3E7491-308D-428E-9E42-CE579AF1A4DF}.Release|x64.Build.0 = Release|x64
		{2E3E7491-308D-428E-9E42-CE579AF1A4DF}.Release|x86.ActiveCfg = Release|Win32
		{2E3E7491-308D-428E-9E42-CE579AF1A4DF}.Release|x86.Build.0 = Release|Win32
		{58554859-C628-4DB8-8F63-73EF2FCDD241}.Debug|x64.ActiveCfg = Debug|x64
		{58554859-C628-4DB8-8F63-73EF2FCDD241}.Debug|x64.Build.0 = Debug|x64
		{58554859-C628-4DB8-8F63-73EF2FCDD241}.Debug|x86.ActiveCfg = Debug|Win32
		{58554859-C628-4DB8-8F63-73EF2FCDD241}.Debug|x86.Build.0 = Debug|Win32
		{58554859-C628-4DB8-8F63-73EF2FCDD241}.Release|x64.ActiveCfg = Release|x64
		{58554859-C628-4DB8-8F63-73EF2FCDD241}.Release|x64.Build.0 = Release|x64
		{58554859-C628-4DB8-8F63-73EF2FCDD241}.Release|x86.ActiveCfg = Release|Win32
		{58554859-C628-4DB8-8F63-73EF2FCDD241}.Release|x86.Build.0 = Release|Win32
		{6B53239C-DAAB-4B0E-BFAC-862B1B268A27}.Debug|x64.ActiveCfg = Debug|x64
		{6B53239C-DAAB-4B0E-BFAC-862B1B268A27}.Debug|x64.Build.0 = Debug|x64
		{6B53239C-DAAB-4B0E-BFAC-862B1B268A27}.Debug|x86.ActiveCfg = Debug|Win32
		{6B53239C-DAAB-4B0E-BFAC-862B1B268A27}.Debug|x86.Build.0 = Debug|Win32
		{6B53239C-DAAB-4B0E-BFAC-862B1B268A27}.Release|x64.ActiveCfg = Release|x64
		{6B53239C-DAAB-4B0E-BFAC-862B1B268A27}.Release|x64.Build.0 = Release|x64
		{6B53239C-DAAB-4B0E-BFAC-862B1B268A27}.Release|x86.ActiveCfg = Release|Win32
		{6B53239C-DAAB-4B0E-BFAC-862B1B268A27}.Release|x86.Build.0 = Release|Win32
		{BF9969BB-A90F-4F0E-A245-AED8DB596F65}.Debug|x64.ActiveCfg = Debug|x64
		{BF9969BB-A90F-4F0E-A245-AED8DB596F65}.Debug|x64.Build.0 = Debug|x64
		{BF9969BB-A90F-4F0E-A245-AED8DB596F65}.Debug|x86.ActiveCfg = Debug|Win32
		{BF9969BB-A90F-4F0E-A245-AED8DB596F65}.Debug|x86.Build.0 = Debug|Win32
		{BF9969BB-A90F-4F0E-A245-AED8DB596F65}.Release|x64.ActiveCfg = Release|x64
		{BF9969BB-A90F-4F0E-A245-AED8DB596F65}.Release|x64.Build.0 = Release|x64
		{BF9969BB-A90F-4F0E-A245-AED8DB596F65}.Release|x86.ActiveCfg = Release|Win32
		{BF9969BB-A90F-4F0E-A245-AED8DB596F65}.Release|x86.Build.0 = Release|Win32
		{E938F7ED-4691-4EDA-AAC3-877848A45E10}.Debug|x64.ActiveCfg = Debug|x64
		{E938F7ED-4691-4EDA-AAC3-877848A45E10}.Debug|x64.Build.0 = Debug|x64
		{E938F7ED-4691-4EDA-AAC3-877848A45E10}.Debug|x86.ActiveCfg = Debug|Win32
		{E938F7ED-4691-4EDA-AAC3-877848A45E10}.Debug|x86.Build.0 = Debug|Win32
		{E938F7ED-4691-4EDA-AAC3-877848A45E10}.Release|x64.ActiveCfg = Release|x64
		{E938F7ED-4691-4EDA-AAC3-877848A45E10}.Release|x64.Build.0 = Release|x64
		{E938F7ED-4691-4EDA-AAC3-877848A45E10}.Release|x86.ActiveCfg = Release|Win32
		{E938F7ED-4691-4EDA-AAC3-877848A45E10}.Release|x86.Build.0 = Release|Win32
		{FAB9FB4D-2D4E-4BEB-B297-C25BE69C0372}.Debug|x64.ActiveCfg = Debug|x64
		{FAB9FB4D-2D4E-4BEB-B297-C25BE69C0372}.Debug|x64.Build.0 = Debug|x64
		{FAB9FB4D-2D4E-4BEB-B297-C25BE69C0372}.Debug|x86.ActiveCfg = Debug|Win32
		{FAB9FB4D-2D4E-4BEB-B297-C25BE69C0372}.Debug|x86.Build.0 = Debug|Win32
		{FAB9FB4D-2D4E-4BEB-B297-C25BE69C0372}.Release|x64.ActiveCfg = Release|x64
		{FAB9FB4D-2D4E-4BEB-B297-C25BE69C0372}.Release|x64.Build.0 = Release|x64
		{FAB9FB4D-2D4E-4BEB-B297-C25BE69C0372}.Release|x86.ActiveCfg = Release|Win32
		{FAB9FB4D-2D4E-4BEB-B297-C25BE69C0372}.Release|x86.Build.0 = Release|Win32
		{BC4BFB12-838B-488A-A5E1-A7CACBF06B97}.Debug|x64.ActiveCfg = Debug|x64
		{BC4BFB12-838B-488A-A5E1-A7CACBF06B97}.Debug|x64.Build.0 = Debug|x64
		{BC4BFB12-838B-488A-A5E1-A7CACBF06B97}.Debug|x86.ActiveCfg = Debug|Win32
		{BC4BFB12-838B-488A-A5E1-A7CACBF06B97}.Debug|x86.Build.0 = Debug|Win32
		{BC4BFB12-838B-488A-A5E1-A7CACBF06B97}.Release|x64.ActiveCfg = Release|x64
		{BC4BFB12-838B-488A-A5E1-A7CACBF06B97}.Release|x64.Build.0 = Release|x64
		{BC4BFB12-838B-488A-A5E1-A7CACBF06B97}.Release|x86.ActiveCfg = Release|Win32
		{BC4BFB12-838B-488A-A5E1-A7CACBF06B97}.Release|x86.Build.0 = Release|Win32
		{4D0D36EE-422A-46B3-A3DF-86423694E39A}.Debug|x64.ActiveCfg = Debug|x64
		{4D0D36EE-422A-46B3-A3DF-86423694E39A}.Debug|x64.Build.0 = Debug|x64
		{4D0D36EE-422A-46B3-A3DF-86423694E39A}.Debug|x86.ActiveCfg = Debug|Win32
		{4D0D36EE-422A-46B3-A3DF-86423694E39A}.Debug|x86.Build.0 = Debug|Win32
		{4D0D36EE-422A-46B3-A3DF-86423694E39A}.Release|x64.ActiveCfg = Release|x64
		{4D0D36EE-422A-46B3-A3DF-86423694E39A}.Release|x64.Build.0 = Release|x64
		{4D0D36EE-422A-46B3-A3DF-86423694E39A}.Release|x86.ActiveCfg = Release|Win32
		{4D0D36EE-422A-46B3-A3DF-86423694E39A}.Release|x86.Build.0 = Release|Win32
		{181A9B91-A6D7-444D-AC93-D1ADC7BB53E0}.Debug|x64.ActiveCfg = Debug|x64
		{181A9B91-A6D7-444D-AC93-D1ADC7BB53E0}.Debug|x64.Build.0 = Debug|x64
		{181A9B91-A6D7-444D-AC93-D1ADC7BB53E0}.Debug|x86.ActiveCfg = Debug|Win32
		{181A9B91-A6D7-444D-AC93-D1ADC7BB53E0}.Debug|x86.Build.0 = Debug|Win32
		{181A9B91-A6D7-444D-AC93-D1ADC7BB53E0}.Release|x64.ActiveCfg = Release|x64
		{181A9B91-A6D7-444D-AC93-D1ADC7BB53E0}.Release|x64.Build.0 = Release|x64
		{181A9B91-A6D7-444D-AC93-D1ADC7BB53E0}.Release|x86.ActiveCfg = Release|Win32
		{181A9B91-A6D7-444D-AC93-D1ADC7BB53E0}.Release|x86.Build.0 = Release|Win32
		{A525143B-8722-46CB-9CFF-5E6F5FA7DEBA}.Debug|x64.ActiveCfg = Debug|x64
		{A525143B-8722-46CB-9CFF-5E6F5FA7DEBA}.Debug|x64.Build.0 = Debug|x64
		{A525143B-8722-46CB-9CFF-5E6F5FA7DEBA}.Debug|x86.ActiveCfg = Debug|Win32
		{A525143B-8722-46CB-9CFF-5E6F5FA7DEBA}.Debug|x86.Build.0 = Debug|Win32
		{A525143B-8722-46CB-9CFF-5E6F5FA7DEBA}.Release|x64.ActiveCfg = Release|x64
		{A525143B-8722-46CB-9CFF-5E6F5FA7DEBA}.Release|x64.Build.0 = Release|x64
		{A525143B-8722-46CB-9CFF-5E6F5FA7DEBA}.Release|x86.ActiveCfg = Release|Win32
		{A525143B-8722-46CB-9CFF-5E6F5FA7DEBA}.Release|x86.Build.0 = Release|Win32
		{4CDC61F9-626F-4192-ABA0-CC7B6FBEE070}.Debug|x64.ActiveCfg = Debug|x64
		{4CDC61F9-626F-4192-ABA0-CC7B6FBEE070}.Debug|x64.Build.0 = Debug|x64
		{4CDC61F9-626F-4192-ABA0-CC7B6FBEE070}.Debug|x86.ActiveCfg = Debug|Win32
		{4CDC61F9-626F-4192-ABA0-CC7B6FBEE070}.Debug|x86.Build.0 = Debug|Win32
		{4CDC61F9-626F-4192-ABA0-CC7B6FBEE070}.Release|x64.ActiveCfg = Release|x64
		{4CDC61F9-626F-4192-ABA0-CC7B6FBEE070}.Release|x64.Build.0 = Release|x64
		{4CDC61F9-626F-4192-ABA0-CC7B6FBEE070}.Release|x86.ActiveCfg = Release|Win32
		{4CDC61F9-626F-4192-ABA0-CC7B6FBEE070}.Release|x86.Build.0 = Release|Win32
		{F2D9F7E6-2C67-4F3D-ACCB-85030891658C}.Debug|x64.ActiveCfg = Debug|x64
		{F2D9F7E6-2C67-4F3D-ACCB-85030891658C}.Debug|x64.Build.0 = Debug|x64
		{F2D9F7E6-2C67-4F3D-ACCB-85030891658C}.Debug|x86.ActiveCfg = Debug|Win32
		{F2D9F7E6-2C67-4F3D-ACCB-85030891658C}.Debug|x86.Build.0 = Debug|Win32
		{F2D9F7E6-2C67-4F3D-ACCB-85030891658C}.Release|x64.ActiveCfg = Release|x64
		{F2D9F7E6-2C67-4F3D-ACCB-85030891658C}.Release|x64.Build.0 = Release|x64
		{F2D9F7E6-2C67-4F3D-ACCB-85030891658C}.Release|x86.ActiveCfg = Release|Win32
		{F2D9F7E6-2C67-4F3D-ACCB-85030891658C}.Release|x86.Build.0 = Release|Win32
		{7A071925-D59E-4A15-913E-8A5287CF67E8}.Debug|x64.ActiveCfg = Debug|x64
		{7A071925-D59E-4A15-913E-8A5287CF67E8}.Debug|x64.Build.0 = Debug|x64
		{7A071925-D59E-4A15-913E-8A5287CF67E8}.Debug|x86.ActiveCfg = Debug|Win32
		{7A071925-D59E-4A15-913E-8A5287CF67E8}.Debug|x86.Build.0 = Debug|Win32
		{7A071925-D59E-4A15-913E-8A5287CF67E8}.Release|x64.ActiveCfg = Release|x64
		{7A071925-D59E-4A15-913E-8A5287CF67E8}.Release|x64.Build.0 = Release|x64
		{7A071925-D59E-4A15-913E-8A5287CF67E8}.Release|x86.ActiveCfg = Release|Win32
		{7A071925-D59E-4A15-913E-8A5287CF67E8}.Release|x86.Build.0 = Release|Win32
		{D2A0FFD6-1E9D-4B01-9F8B-81396085F5D0}.Debug|x64.ActiveCfg = Debug|x64
		{D2A0FFD6-1E9D-4B01-9F8B-81396085F5D0}.Debug|x64.Build.0 = Debug|x64
		{D2A0FFD6-1E9D-4B01-9F8B-81396085F5D0}.Debug|x86.ActiveCfg = Debug|Win32
		{D2A0FFD6-1E9D-4B01-9F8B-81396085F5D0}.Debug|x86.Build.0 = Debug|Win32
		{D2A0FFD6-1E9D-4B01-9F8B-81396085F5D0}.Release|x64.ActiveCfg = Release|x64
		{D2A0FFD6-1E9D-4B01-9F8B-81396085F5D0}.Release|x64.Build.0 = Release|x64
		{D2A0FFD6-1E9D-4B01-9F8B-81396085F5D0}.Release|x86.ActiveCfg = Release|Win32
		{D2A0FFD6-1E9D-4B01-9F8B-81396085F5D0}.Release|x86.Build.0 = Release|Win32
		{8C713B21-6969-4B8D-B369-03FAF38B8F8B}.Debug|x64.ActiveCfg = Debug|x64
		{8C713B21-6969-4B8D-B369-03FAF38B8F8B}.Debug|x64.Build.0 = Debug|x64
		{8C713B21-6969-4B8D-B369-03FAF38B8F8B}.Debug|x86.ActiveCfg = Debug|Win32
		{8C713B21-6969-4B8D-B369-03FAF38B8F8B}.Debug|x86.Build.0 = Debug|Win32
		{8C713B21-6969-4B8D-B369-03FAF38B8F8B}.Release|x64.ActiveCfg = Release|x64
		{8C713B21-6969-4B8D-B369-03FAF38B8F8B}.Release|x64.Build.0 = Release|x64
		{8C713B21-6969-4B8D-B369-03FAF38B8F8B}.Release|x86.ActiveCfg = Release|Win32
		{8C713B21-6969-4B8D-B369-03FAF38B8F8B}.Release|x86.Build.0 = Release|Win32
		{4E32F676-8BD0-4FC5-84E5-426B8F578D88}.Debug|x64.ActiveCfg = Debug|x64
		{4E32F676-8BD0-4FC5-84E5-426B8F578D88}.Debug|x64.Build.0 = Debug|x64
		{4E32F676-8BD0-4FC5-84E5-426B8F578D88}.Debug|x86.ActiveCfg = Debug|Win32
		{4E32F676-8BD0-4FC5-84E5-426B8F578D88}.Debug|x86.Build.0 = Debug|Win32
		{4E32F676-8BD0-4FC5-84E5-426B8F578D88}.Release|x64.ActiveCfg = Release|x64
		{4E32F676-8BD0-4FC5-84E5-426B8F578D88}.Release|x64.Build.0 = Release|x64
		{4E32F676-8BD0-4FC5-84E5-426B8F578D88}.Release|x86.ActiveCfg = Release|Win32
		{4E32F676-8BD0-4FC5-84E5-426B8F578D88}.Release|x86.Build.0 = Release|Win32
		{76070973-A6C7-47AC-9CE1-15F9C8F03A7E}.Debug|x64.ActiveCfg = Debug|x64
		{76070973-A6C7-47AC-9CE1-15F9C8F03A7E}.Debug|x64.Build.0 = Debug|x64
		{76070973-A6C7-47AC-9CE1-15F9C8F03A7E}.Debug|x86.ActiveCfg = Debug|Win32
		{76070973-A6C7-47AC-9CE1-15F9C8F03A7E}.Debug|x86.Build.0 = Debug|Win32
		{76070973-A6C7-47AC-9CE1-15F9C8F03A7E}.Release|x64.ActiveCfg = Release|x64
		{76070973-A6C7-47AC-9CE1-15F9C8F03A7E}.Release|x64.Build.0 = Release|x64
		{76070973-A6C7-47AC-9CE1-15F9C8F03A7E}.Release|x86.ActiveCfg = Release|Win32
		{76070973-A6C7-47AC-9CE1-15F9C8F03A7E}.Release|x86.Build.0 = Release|Win32
	EndGlobalSection
	GlobalSection(SolutionProperties) = preSolution
		HideSolutionNode = FALSE
	EndGlobalSection
	GlobalSection(ExtensibilityGlobals) = postSolution
		SolutionGuid = {4F0A8692-A908-40B5-BA75-D4F18AF6C0B3}
	EndGlobalSection
EndGlobal
